
Microsoft Visual Studio Solution File, Format Version 12.00
# Visual Studio Version 17
VisualStudioVersion = 17.5.002.0
MinimumVisualStudioVersion = 10.0.40219.1
Project("{9A19103F-16F7-4668-BE54-9A1E7A4F7556}") = "DynamicProbes", "src\DynamicProbes.csproj", "{1B1F3A57-1538-4C11-ABD8-7024A4ABA2A7}"
EndProject
Project("{2150E333-8FDC-42A3-9474-1A3956D46DE8}") = "Solution Items", "Solution Items", "{7FD3DDF1-3962-4C22-A496-63B87FC925AE}"
	ProjectSection(SolutionItems) = preProject
		.editorconfig = .editorconfig
		Directory.Build.props = Directory.Build.props
		global.json = global.json
		LICENSE = LICENSE
		README.md = README.md
	EndProjectSection
EndProject
Project("{FAE04EC0-301F-11D3-BF4B-00C04F79EFBC}") = "Benchmark", "benchmark\Benchmark.csproj", "{2F9E49F9-1B8C-4170-8FF1-313BEF57D91C}"
EndProject
Project("{9A19103F-16F7-4668-BE54-9A1E7A4F7556}") = "UnitTests", "tests\UnitTests\UnitTests.csproj", "{C530FC8B-FA78-40E7-881E-3EDF52EEB59E}"
EndProject
Project("{9A19103F-16F7-4668-BE54-9A1E7A4F7556}") = "DynamicProbesDemo", "eg\DynamicProbesDemo.csproj", "{D11BF120-04A6-434D-A19E-5CD19D6ABFD6}"
EndProject
Global
	GlobalSection(SolutionConfigurationPlatforms) = preSolution
		Debug|Any CPU = Debug|Any CPU
		Release|Any CPU = Release|Any CPU
	EndGlobalSection
	GlobalSection(ProjectConfigurationPlatforms) = postSolution
		{1B1F3A57-1538-4C11-ABD8-7024A4ABA2A7}.Debug|Any CPU.ActiveCfg = Debug|Any CPU
		{1B1F3A57-1538-4C11-ABD8-7024A4ABA2A7}.Debug|Any CPU.Build.0 = Debug|Any CPU
		{1B1F3A57-1538-4C11-ABD8-7024A4ABA2A7}.Release|Any CPU.ActiveCfg = Release|Any CPU
		{1B1F3A57-1538-4C11-ABD8-7024A4ABA2A7}.Release|Any CPU.Build.0 = Release|Any CPU
		{2F9E49F9-1B8C-4170-8FF1-313BEF57D91C}.Debug|Any CPU.ActiveCfg = Debug|Any CPU
		{2F9E49F9-1B8C-4170-8FF1-313BEF57D91C}.Debug|Any CPU.Build.0 = Debug|Any CPU
		{2F9E49F9-1B8C-4170-8FF1-313BEF57D91C}.Release|Any CPU.ActiveCfg = Release|Any CPU
		{2F9E49F9-1B8C-4170-8FF1-313BEF57D91C}.Release|Any CPU.Build.0 = Release|Any CPU
		{C530FC8B-FA78-40E7-881E-3EDF52EEB59E}.Debug|Any CPU.ActiveCfg = Debug|Any CPU
		{C530FC8B-FA78-40E7-881E-3EDF52EEB59E}.Debug|Any CPU.Build.0 = Debug|Any CPU
		{C530FC8B-FA78-40E7-881E-3EDF52EEB59E}.Release|Any CPU.ActiveCfg = Release|Any CPU
		{C530FC8B-FA78-40E7-881E-3EDF52EEB59E}.Release|Any CPU.Build.0 = Release|Any CPU
		{D11BF120-04A6-434D-A19E-5CD19D6ABFD6}.Debug|Any CPU.ActiveCfg = Debug|Any CPU
		{D11BF120-04A6-434D-A19E-5CD19D6ABFD6}.Debug|Any CPU.Build.0 = Debug|Any CPU
		{D11BF120-04A6-434D-A19E-5CD19D6ABFD6}.Release|Any CPU.ActiveCfg = Release|Any CPU
		{D11BF120-04A6-434D-A19E-5CD19D6ABFD6}.Release|Any CPU.Build.0 = Release|Any CPU
	EndGlobalSection
	GlobalSection(SolutionProperties) = preSolution
		HideSolutionNode = FALSE
	EndGlobalSection
	GlobalSection(ExtensibilityGlobals) = postSolution
		SolutionGuid = {1BB0B73B-F6B9-46F8-95CA-830DEA7AA54B}
	EndGlobalSection
EndGlobal
